
Microsoft Visual Studio Solution File, Format Version 12.00
# Visual Studio Version 17
VisualStudioVersion = 17.1.32210.238
MinimumVisualStudioVersion = 10.0.40219.1
Project("{FAE04EC0-301F-11D3-BF4B-00C04F79EFBC}") = "primeraClase", "primeraClase.csproj", "{DA5DB369-82D6-4E40-A8DE-1A4C8294DBB6}"
EndProject
Global
	GlobalSection(SolutionConfigurationPlatforms) = preSolution
		Debug|Any CPU = Debug|Any CPU
		Release|Any CPU = Release|Any CPU
	EndGlobalSection
	GlobalSection(ProjectConfigurationPlatforms) = postSolution
		{DA5DB369-82D6-4E40-A8DE-1A4C8294DBB6}.Debug|Any CPU.ActiveCfg = Debug|Any CPU
		{DA5DB369-82D6-4E40-A8DE-1A4C8294DBB6}.Debug|Any CPU.Build.0 = Debug|Any CPU
		{DA5DB369-82D6-4E40-A8DE-1A4C8294DBB6}.Release|Any CPU.ActiveCfg = Release|Any CPU
		{DA5DB369-82D6-4E40-A8DE-1A4C8294DBB6}.Release|Any CPU.Build.0 = Release|Any CPU
	EndGlobalSection
	GlobalSection(SolutionProperties) = preSolution
		HideSolutionNode = FALSE
	EndGlobalSection
	GlobalSection(ExtensibilityGlobals) = postSolution
		SolutionGuid = {85D3AF24-88CB-4C00-9274-B8F9CE164205}
	EndGlobalSection
EndGlobal
